
Microsoft Visual Studio Solution File, Format Version 12.00
# Visual Studio Version 16
VisualStudioVersion = 16.0.30907.101
MinimumVisualStudioVersion = 10.0.40219.1
Project("{FAE04EC0-301F-11D3-BF4B-00C04F79EFBC}") = "AopDILab", "AopDILab\AopDILab.csproj", "{93E3A9DE-C0FE-4BD4-8BCA-2726329A0EBA}"
EndProject
Global
	GlobalSection(SolutionConfigurationPlatforms) = preSolution
		Debug|Any CPU = Debug|Any CPU
		Release|Any CPU = Release|Any CPU
	EndGlobalSection
	GlobalSection(ProjectConfigurationPlatforms) = postSolution
		{93E3A9DE-C0FE-4BD4-8BCA-2726329A0EBA}.Debug|Any CPU.ActiveCfg = Debug|Any CPU
		{93E3A9DE-C0FE-4BD4-8BCA-2726329A0EBA}.Debug|Any CPU.Build.0 = Debug|Any CPU
		{93E3A9DE-C0FE-4BD4-8BCA-2726329A0EBA}.Release|Any CPU.ActiveCfg = Release|Any CPU
		{93E3A9DE-C0FE-4BD4-8BCA-2726329A0EBA}.Release|Any CPU.Build.0 = Release|Any CPU
	EndGlobalSection
	GlobalSection(SolutionProperties) = preSolution
		HideSolutionNode = FALSE
	EndGlobalSection
	GlobalSection(ExtensibilityGlobals) = postSolution
		SolutionGuid = {16D1E181-5FC4-4167-86F1-73DD592136F3}
	EndGlobalSection
EndGlobal
